// !$*UTF8*$!
{
	archiveVersion = 1;
	classes = {
	};
	objectVersion = 51;
	objects = {

/* Begin PBXBuildFile section */
		A65EF02125542F0C00CE9CF8 /* AppDelegate.swift in Sources */ = {isa = PBXBuildFile; fileRef = A65EF02025542F0C00CE9CF8 /* AppDelegate.swift */; };
		A65EF02325542F0C00CE9CF8 /* SceneDelegate.swift in Sources */ = {isa = PBXBuildFile; fileRef = A65EF02225542F0C00CE9CF8 /* SceneDelegate.swift */; };
		A65EF02525542F0C00CE9CF8 /* ViewController.swift in Sources */ = {isa = PBXBuildFile; fileRef = A65EF02425542F0C00CE9CF8 /* ViewController.swift */; };
		A65EF02825542F0C00CE9CF8 /* Main.storyboard in Resources */ = {isa = PBXBuildFile; fileRef = A65EF02625542F0C00CE9CF8 /* Main.storyboard */; };
		A65EF02A25542F0E00CE9CF8 /* Assets.xcassets in Resources */ = {isa = PBXBuildFile; fileRef = A65EF02925542F0E00CE9CF8 /* Assets.xcassets */; };
		A65EF02D25542F0E00CE9CF8 /* LaunchScreen.storyboard in Resources */ = {isa = PBXBuildFile; fileRef = A65EF02B25542F0E00CE9CF8 /* LaunchScreen.storyboard */; };
		A65EF03E25542FAF00CE9CF8 /* RuleListViewController.swift in Sources */ = {isa = PBXBuildFile; fileRef = A65EF03D25542FAF00CE9CF8 /* RuleListViewController.swift */; };
		A65EF04125542FC500CE9CF8 /* RuleViewController.swift in Sources */ = {isa = PBXBuildFile; fileRef = A65EF04025542FC500CE9CF8 /* RuleViewController.swift */; };
		A65EF04425542FF100CE9CF8 /* RuleLoader.swift in Sources */ = {isa = PBXBuildFile; fileRef = A65EF04325542FF100CE9CF8 /* RuleLoader.swift */; };
		EF564C3A6B41E09911700C64 /* Pods_SwiftLintRuleViewer.framework in Frameworks */ = {isa = PBXBuildFile; fileRef = F05E3180D1DA8A59A2FC60AC /* Pods_SwiftLintRuleViewer.framework */; };
/* End PBXBuildFile section */

/* Begin PBXFileReference section */
		2CFD8080D495273A5E81FC13 /* Pods-SwiftLintRuleViewer.release.xcconfig */ = {isa = PBXFileReference; includeInIndex = 1; lastKnownFileType = text.xcconfig; name = "Pods-SwiftLintRuleViewer.release.xcconfig"; path = "Target Support Files/Pods-SwiftLintRuleViewer/Pods-SwiftLintRuleViewer.release.xcconfig"; sourceTree = "<group>"; };
		6F909170010562E4B6890DE1 /* Pods-SwiftLintRuleViewer.debug.xcconfig */ = {isa = PBXFileReference; includeInIndex = 1; lastKnownFileType = text.xcconfig; name = "Pods-SwiftLintRuleViewer.debug.xcconfig"; path = "Target Support Files/Pods-SwiftLintRuleViewer/Pods-SwiftLintRuleViewer.debug.xcconfig"; sourceTree = "<group>"; };
		A65EF01D25542F0C00CE9CF8 /* SwiftLintRuleViewer.app */ = {isa = PBXFileReference; explicitFileType = wrapper.application; includeInIndex = 0; path = SwiftLintRuleViewer.app; sourceTree = BUILT_PRODUCTS_DIR; };
		A65EF02025542F0C00CE9CF8 /* AppDelegate.swift */ = {isa = PBXFileReference; lastKnownFileType = sourcecode.swift; path = AppDelegate.swift; sourceTree = "<group>"; };
		A65EF02225542F0C00CE9CF8 /* SceneDelegate.swift */ = {isa = PBXFileReference; lastKnownFileType = sourcecode.swift; path = SceneDelegate.swift; sourceTree = "<group>"; };
		A65EF02425542F0C00CE9CF8 /* ViewController.swift */ = {isa = PBXFileReference; lastKnownFileType = sourcecode.swift; path = ViewController.swift; sourceTree = "<group>"; };
		A65EF02725542F0C00CE9CF8 /* Base */ = {isa = PBXFileReference; lastKnownFileType = file.storyboard; name = Base; path = Base.lproj/Main.storyboard; sourceTree = "<group>"; };
		A65EF02925542F0E00CE9CF8 /* Assets.xcassets */ = {isa = PBXFileReference; lastKnownFileType = folder.assetcatalog; path = Assets.xcassets; sourceTree = "<group>"; };
		A65EF02C25542F0E00CE9CF8 /* Base */ = {isa = PBXFileReference; lastKnownFileType = file.storyboard; name = Base; path = Base.lproj/LaunchScreen.storyboard; sourceTree = "<group>"; };
		A65EF02E25542F0E00CE9CF8 /* Info.plist */ = {isa = PBXFileReference; lastKnownFileType = text.plist.xml; path = Info.plist; sourceTree = "<group>"; };
		A65EF03A25542F7800CE9CF8 /* SwiftLintRuleViewer.entitlements */ = {isa = PBXFileReference; lastKnownFileType = text.plist.entitlements; path = SwiftLintRuleViewer.entitlements; sourceTree = "<group>"; };
		A65EF03D25542FAF00CE9CF8 /* RuleListViewController.swift */ = {isa = PBXFileReference; lastKnownFileType = sourcecode.swift; path = RuleListViewController.swift; sourceTree = "<group>"; };
		A65EF04025542FC500CE9CF8 /* RuleViewController.swift */ = {isa = PBXFileReference; lastKnownFileType = sourcecode.swift; path = RuleViewController.swift; sourceTree = "<group>"; };
		A65EF04325542FF100CE9CF8 /* RuleLoader.swift */ = {isa = PBXFileReference; lastKnownFileType = sourcecode.swift; path = RuleLoader.swift; sourceTree = "<group>"; };
		F05E3180D1DA8A59A2FC60AC /* Pods_SwiftLintRuleViewer.framework */ = {isa = PBXFileReference; explicitFileType = wrapper.framework; includeInIndex = 0; path = Pods_SwiftLintRuleViewer.framework; sourceTree = BUILT_PRODUCTS_DIR; };
/* End PBXFileReference section */

/* Begin PBXFrameworksBuildPhase section */
		A65EF01A25542F0C00CE9CF8 /* Frameworks */ = {
			isa = PBXFrameworksBuildPhase;
			buildActionMask = 2147483647;
			files = (
				EF564C3A6B41E09911700C64 /* Pods_SwiftLintRuleViewer.framework in Frameworks */,
			);
			runOnlyForDeploymentPostprocessing = 0;
		};
/* End PBXFrameworksBuildPhase section */

/* Begin PBXGroup section */
		50B671D51ED812CE90DA91FA /* Frameworks */ = {
			isa = PBXGroup;
			children = (
				F05E3180D1DA8A59A2FC60AC /* Pods_SwiftLintRuleViewer.framework */,
			);
			name = Frameworks;
			sourceTree = "<group>";
		};
		A65EF01425542F0C00CE9CF8 = {
			isa = PBXGroup;
			children = (
				A65EF01F25542F0C00CE9CF8 /* SwiftLintRuleViewer */,
				A65EF01E25542F0C00CE9CF8 /* Products */,
				BEF8E805E4115CED0CBE4385 /* Pods */,
				50B671D51ED812CE90DA91FA /* Frameworks */,
			);
			sourceTree = "<group>";
		};
		A65EF01E25542F0C00CE9CF8 /* Products */ = {
			isa = PBXGroup;
			children = (
				A65EF01D25542F0C00CE9CF8 /* SwiftLintRuleViewer.app */,
			);
			name = Products;
			sourceTree = "<group>";
		};
		A65EF01F25542F0C00CE9CF8 /* SwiftLintRuleViewer */ = {
			isa = PBXGroup;
			children = (
				A65EF03A25542F7800CE9CF8 /* SwiftLintRuleViewer.entitlements */,
				A65EF02025542F0C00CE9CF8 /* AppDelegate.swift */,
				A65EF02225542F0C00CE9CF8 /* SceneDelegate.swift */,
				A65EF02425542F0C00CE9CF8 /* ViewController.swift */,
				A65EF03D25542FAF00CE9CF8 /* RuleListViewController.swift */,
				A65EF04025542FC500CE9CF8 /* RuleViewController.swift */,
				A65EF04325542FF100CE9CF8 /* RuleLoader.swift */,
				A65EF02625542F0C00CE9CF8 /* Main.storyboard */,
				A65EF02925542F0E00CE9CF8 /* Assets.xcassets */,
				A65EF02B25542F0E00CE9CF8 /* LaunchScreen.storyboard */,
				A65EF02E25542F0E00CE9CF8 /* Info.plist */,
			);
			path = SwiftLintRuleViewer;
			sourceTree = "<group>";
		};
		BEF8E805E4115CED0CBE4385 /* Pods */ = {
			isa = PBXGroup;
			children = (
				6F909170010562E4B6890DE1 /* Pods-SwiftLintRuleViewer.debug.xcconfig */,
				2CFD8080D495273A5E81FC13 /* Pods-SwiftLintRuleViewer.release.xcconfig */,
			);
			path = Pods;
			sourceTree = "<group>";
		};
/* End PBXGroup section */

/* Begin PBXNativeTarget section */
		A65EF01C25542F0C00CE9CF8 /* SwiftLintRuleViewer */ = {
			isa = PBXNativeTarget;
			buildConfigurationList = A65EF03125542F0E00CE9CF8 /* Build configuration list for PBXNativeTarget "SwiftLintRuleViewer" */;
			buildPhases = (
				37DF0D661307A7C4C08ED4CD /* [CP] Check Pods Manifest.lock */,
				A65EF01925542F0C00CE9CF8 /* Sources */,
				A65EF01A25542F0C00CE9CF8 /* Frameworks */,
				A65EF01B25542F0C00CE9CF8 /* Resources */,
				AAD842B91F649E1014F6B3A8 /* [CP] Embed Pods Frameworks */,
			);
			buildRules = (
			);
			dependencies = (
			);
			name = SwiftLintRuleViewer;
			productName = SwiftLintRuleViewer;
			productReference = A65EF01D25542F0C00CE9CF8 /* SwiftLintRuleViewer.app */;
			productType = "com.apple.product-type.application";
		};
/* End PBXNativeTarget section */

/* Begin PBXProject section */
		A65EF01525542F0C00CE9CF8 /* Project object */ = {
			isa = PBXProject;
			attributes = {
				LastSwiftUpdateCheck = 1210;
				LastUpgradeCheck = 1210;
				TargetAttributes = {
					A65EF01C25542F0C00CE9CF8 = {
						CreatedOnToolsVersion = 12.1;
					};
				};
			};
			buildConfigurationList = A65EF01825542F0C00CE9CF8 /* Build configuration list for PBXProject "SwiftLintRuleViewer" */;
			compatibilityVersion = "Xcode 9.3";
			developmentRegion = en;
			hasScannedForEncodings = 0;
			knownRegions = (
				en,
				Base,
			);
			mainGroup = A65EF01425542F0C00CE9CF8;
			productRefGroup = A65EF01E25542F0C00CE9CF8 /* Products */;
			projectDirPath = "";
			projectRoot = "";
			targets = (
				A65EF01C25542F0C00CE9CF8 /* SwiftLintRuleViewer */,
			);
		};
/* End PBXProject section */

/* Begin PBXResourcesBuildPhase section */
		A65EF01B25542F0C00CE9CF8 /* Resources */ = {
			isa = PBXResourcesBuildPhase;
			buildActionMask = 2147483647;
			files = (
				A65EF02D25542F0E00CE9CF8 /* LaunchScreen.storyboard in Resources */,
				A65EF02A25542F0E00CE9CF8 /* Assets.xcassets in Resources */,
				A65EF02825542F0C00CE9CF8 /* Main.storyboard in Resources */,
			);
			runOnlyForDeploymentPostprocessing = 0;
		};
/* End PBXResourcesBuildPhase section */

/* Begin PBXShellScriptBuildPhase section */
		37DF0D661307A7C4C08ED4CD /* [CP] Check Pods Manifest.lock */ = {
			isa = PBXShellScriptBuildPhase;
			buildActionMask = 2147483647;
			files = (
			);
			inputFileListPaths = (
			);
			inputPaths = (
				"${PODS_PODFILE_DIR_PATH}/Podfile.lock",
				"${PODS_ROOT}/Manifest.lock",
			);
			name = "[CP] Check Pods Manifest.lock";
			outputFileListPaths = (
			);
			outputPaths = (
				"$(DERIVED_FILE_DIR)/Pods-SwiftLintRuleViewer-checkManifestLockResult.txt",
			);
			runOnlyForDeploymentPostprocessing = 0;
			shellPath = /bin/sh;
			shellScript = "diff \"${PODS_PODFILE_DIR_PATH}/Podfile.lock\" \"${PODS_ROOT}/Manifest.lock\" > /dev/null\nif [ $? != 0 ] ; then\n    # print error to STDERR\n    echo \"error: The sandbox is not in sync with the Podfile.lock. Run 'pod install' or update your CocoaPods installation.\" >&2\n    exit 1\nfi\n# This output is used by Xcode 'outputs' to avoid re-running this script phase.\necho \"SUCCESS\" > \"${SCRIPT_OUTPUT_FILE_0}\"\n";
			showEnvVarsInLog = 0;
		};
		AAD842B91F649E1014F6B3A8 /* [CP] Embed Pods Frameworks */ = {
			isa = PBXShellScriptBuildPhase;
			buildActionMask = 2147483647;
			files = (
			);
			inputFileListPaths = (
				"${PODS_ROOT}/Target Support Files/Pods-SwiftLintRuleViewer/Pods-SwiftLintRuleViewer-frameworks-${CONFIGURATION}-input-files.xcfilelist",
			);
			name = "[CP] Embed Pods Frameworks";
			outputFileListPaths = (
				"${PODS_ROOT}/Target Support Files/Pods-SwiftLintRuleViewer/Pods-SwiftLintRuleViewer-frameworks-${CONFIGURATION}-output-files.xcfilelist",
			);
			runOnlyForDeploymentPostprocessing = 0;
			shellPath = /bin/sh;
			shellScript = "\"${PODS_ROOT}/Target Support Files/Pods-SwiftLintRuleViewer/Pods-SwiftLintRuleViewer-frameworks.sh\"\n";
			showEnvVarsInLog = 0;
		};
/* End PBXShellScriptBuildPhase section */

/* Begin PBXSourcesBuildPhase section */
		A65EF01925542F0C00CE9CF8 /* Sources */ = {
			isa = PBXSourcesBuildPhase;
			buildActionMask = 2147483647;
			files = (
				A65EF02525542F0C00CE9CF8 /* ViewController.swift in Sources */,
				A65EF02125542F0C00CE9CF8 /* AppDelegate.swift in Sources */,
				A65EF03E25542FAF00CE9CF8 /* RuleListViewController.swift in Sources */,
				A65EF02325542F0C00CE9CF8 /* SceneDelegate.swift in Sources */,
				A65EF04425542FF100CE9CF8 /* RuleLoader.swift in Sources */,
				A65EF04125542FC500CE9CF8 /* RuleViewController.swift in Sources */,
			);
			runOnlyForDeploymentPostprocessing = 0;
		};
/* End PBXSourcesBuildPhase section */

/* Begin PBXVariantGroup section */
		A65EF02625542F0C00CE9CF8 /* Main.storyboard */ = {
			isa = PBXVariantGroup;
			children = (
				A65EF02725542F0C00CE9CF8 /* Base */,
			);
			name = Main.storyboard;
			sourceTree = "<group>";
		};
		A65EF02B25542F0E00CE9CF8 /* LaunchScreen.storyboard */ = {
			isa = PBXVariantGroup;
			children = (
				A65EF02C25542F0E00CE9CF8 /* Base */,
			);
			name = LaunchScreen.storyboard;
			sourceTree = "<group>";
		};
/* End PBXVariantGroup section */

/* Begin XCBuildConfiguration section */
		A65EF02F25542F0E00CE9CF8 /* Debug */ = {
			isa = XCBuildConfiguration;
			buildSettings = {
				ALWAYS_SEARCH_USER_PATHS = NO;
				CLANG_ANALYZER_NONNULL = YES;
				CLANG_ANALYZER_NUMBER_OBJECT_CONVERSION = YES_AGGRESSIVE;
				CLANG_CXX_LANGUAGE_STANDARD = "gnu++14";
				CLANG_CXX_LIBRARY = "libc++";
				CLANG_ENABLE_MODULES = YES;
				CLANG_ENABLE_OBJC_ARC = YES;
				CLANG_ENABLE_OBJC_WEAK = YES;
				CLANG_WARN_BLOCK_CAPTURE_AUTORELEASING = YES;
				CLANG_WARN_BOOL_CONVERSION = YES;
				CLANG_WARN_COMMA = YES;
				CLANG_WARN_CONSTANT_CONVERSION = YES;
				CLANG_WARN_DEPRECATED_OBJC_IMPLEMENTATIONS = YES;
				CLANG_WARN_DIRECT_OBJC_ISA_USAGE = YES_ERROR;
				CLANG_WARN_DOCUMENTATION_COMMENTS = YES;
				CLANG_WARN_EMPTY_BODY = YES;
				CLANG_WARN_ENUM_CONVERSION = YES;
				CLANG_WARN_INFINITE_RECURSION = YES;
				CLANG_WARN_INT_CONVERSION = YES;
				CLANG_WARN_NON_LITERAL_NULL_CONVERSION = YES;
				CLANG_WARN_OBJC_IMPLICIT_RETAIN_SELF = YES;
				CLANG_WARN_OBJC_LITERAL_CONVERSION = YES;
				CLANG_WARN_OBJC_ROOT_CLASS = YES_ERROR;
				CLANG_WARN_QUOTED_INCLUDE_IN_FRAMEWORK_HEADER = YES;
				CLANG_WARN_RANGE_LOOP_ANALYSIS = YES;
				CLANG_WARN_STRICT_PROTOTYPES = YES;
				CLANG_WARN_SUSPICIOUS_MOVE = YES;
				CLANG_WARN_UNGUARDED_AVAILABILITY = YES_AGGRESSIVE;
				CLANG_WARN_UNREACHABLE_CODE = YES;
				CLANG_WARN__DUPLICATE_METHOD_MATCH = YES;
				COPY_PHASE_STRIP = NO;
				DEBUG_INFORMATION_FORMAT = dwarf;
				ENABLE_STRICT_OBJC_MSGSEND = YES;
				ENABLE_TESTABILITY = YES;
				GCC_C_LANGUAGE_STANDARD = gnu11;
				GCC_DYNAMIC_NO_PIC = NO;
				GCC_NO_COMMON_BLOCKS = YES;
				GCC_OPTIMIZATION_LEVEL = 0;
				GCC_PREPROCESSOR_DEFINITIONS = (
					"DEBUG=1",
					"$(inherited)",
				);
				GCC_WARN_64_TO_32_BIT_CONVERSION = YES;
				GCC_WARN_ABOUT_RETURN_TYPE = YES_ERROR;
				GCC_WARN_UNDECLARED_SELECTOR = YES;
				GCC_WARN_UNINITIALIZED_AUTOS = YES_AGGRESSIVE;
				GCC_WARN_UNUSED_FUNCTION = YES;
				GCC_WARN_UNUSED_VARIABLE = YES;
				IPHONEOS_DEPLOYMENT_TARGET = 14.1;
				MTL_ENABLE_DEBUG_INFO = INCLUDE_SOURCE;
				MTL_FAST_MATH = YES;
				ONLY_ACTIVE_ARCH = YES;
				SDKROOT = iphoneos;
				SWIFT_ACTIVE_COMPILATION_CONDITIONS = DEBUG;
				SWIFT_OPTIMIZATION_LEVEL = "-Onone";
			};
			name = Debug;
		};
		A65EF03025542F0E00CE9CF8 /* Release */ = {
			isa = XCBuildConfiguration;
			buildSettings = {
				ALWAYS_SEARCH_USER_PATHS = NO;
				CLANG_ANALYZER_NONNULL = YES;
				CLANG_ANALYZER_NUMBER_OBJECT_CONVERSION = YES_AGGRESSIVE;
				CLANG_CXX_LANGUAGE_STANDARD = "gnu++14";
				CLANG_CXX_LIBRARY = "libc++";
				CLANG_ENABLE_MODULES = YES;
				CLANG_ENABLE_OBJC_ARC = YES;
				CLANG_ENABLE_OBJC_WEAK = YES;
				CLANG_WARN_BLOCK_CAPTURE_AUTORELEASING = YES;
				CLANG_WARN_BOOL_CONVERSION = YES;
				CLANG_WARN_COMMA = YES;
				CLANG_WARN_CONSTANT_CONVERSION = YES;
				CLANG_WARN_DEPRECATED_OBJC_IMPLEMENTATIONS = YES;
				CLANG_WARN_DIRECT_OBJC_ISA_USAGE = YES_ERROR;
				CLANG_WARN_DOCUMENTATION_COMMENTS = YES;
				CLANG_WARN_EMPTY_BODY = YES;
				CLANG_WARN_ENUM_CONVERSION = YES;
				CLANG_WARN_INFINITE_RECURSION = YES;
				CLANG_WARN_INT_CONVERSION = YES;
				CLANG_WARN_NON_LITERAL_NULL_CONVERSION = YES;
				CLANG_WARN_OBJC_IMPLICIT_RETAIN_SELF = YES;
				CLANG_WARN_OBJC_LITERAL_CONVERSION = YES;
				CLANG_WARN_OBJC_ROOT_CLASS = YES_ERROR;
				CLANG_WARN_QUOTED_INCLUDE_IN_FRAMEWORK_HEADER = YES;
				CLANG_WARN_RANGE_LOOP_ANALYSIS = YES;
				CLANG_WARN_STRICT_PROTOTYPES = YES;
				CLANG_WARN_SUSPICIOUS_MOVE = YES;
				CLANG_WARN_UNGUARDED_AVAILABILITY = YES_AGGRESSIVE;
				CLANG_WARN_UNREACHABLE_CODE = YES;
				CLANG_WARN__DUPLICATE_METHOD_MATCH = YES;
				COPY_PHASE_STRIP = NO;
				DEBUG_INFORMATION_FORMAT = "dwarf-with-dsym";
				ENABLE_NS_ASSERTIONS = NO;
				ENABLE_STRICT_OBJC_MSGSEND = YES;
				GCC_C_LANGUAGE_STANDARD = gnu11;
				GCC_NO_COMMON_BLOCKS = YES;
				GCC_WARN_64_TO_32_BIT_CONVERSION = YES;
				GCC_WARN_ABOUT_RETURN_TYPE = YES_ERROR;
				GCC_WARN_UNDECLARED_SELECTOR = YES;
				GCC_WARN_UNINITIALIZED_AUTOS = YES_AGGRESSIVE;
				GCC_WARN_UNUSED_FUNCTION = YES;
				GCC_WARN_UNUSED_VARIABLE = YES;
				IPHONEOS_DEPLOYMENT_TARGET = 14.1;
				MTL_ENABLE_DEBUG_INFO = NO;
				MTL_FAST_MATH = YES;
				SDKROOT = iphoneos;
				SWIFT_COMPILATION_MODE = wholemodule;
				SWIFT_OPTIMIZATION_LEVEL = "-O";
				VALIDATE_PRODUCT = YES;
			};
			name = Release;
		};
		A65EF03225542F0E00CE9CF8 /* Debug */ = {
			isa = XCBuildConfiguration;
			baseConfigurationReference = 6F909170010562E4B6890DE1 /* Pods-SwiftLintRuleViewer.debug.xcconfig */;
			buildSettings = {
				ASSETCATALOG_COMPILER_APPICON_NAME = AppIcon;
				ASSETCATALOG_COMPILER_GLOBAL_ACCENT_COLOR_NAME = AccentColor;
				CODE_SIGN_ENTITLEMENTS = SwiftLintRuleViewer/SwiftLintRuleViewer.entitlements;
				CODE_SIGN_STYLE = Automatic;
				DEVELOPMENT_TEAM = 77M64ZZJGP;
				INFOPLIST_FILE = SwiftLintRuleViewer/Info.plist;
				IPHONEOS_DEPLOYMENT_TARGET = 13.0;
				LD_RUNPATH_SEARCH_PATHS = (
					"$(inherited)",
					"@executable_path/Frameworks",
				);
				PRODUCT_BUNDLE_IDENTIFIER = com.FlyKite.SwiftLintRuleViewer;
				PRODUCT_NAME = "$(TARGET_NAME)";
				SUPPORTS_MACCATALYST = YES;
				SWIFT_VERSION = 5.0;
				TARGETED_DEVICE_FAMILY = "1,2";
			};
			name = Debug;
		};
		A65EF03325542F0E00CE9CF8 /* Release */ = {
			isa = XCBuildConfiguration;
			baseConfigurationReference = 2CFD8080D495273A5E81FC13 /* Pods-SwiftLintRuleViewer.release.xcconfig */;
			buildSettings = {
				ASSETCATALOG_COMPILER_APPICON_NAME = AppIcon;
				ASSETCATALOG_COMPILER_GLOBAL_ACCENT_COLOR_NAME = AccentColor;
				CODE_SIGN_ENTITLEMENTS = SwiftLintRuleViewer/SwiftLintRuleViewer.entitlements;
				CODE_SIGN_STYLE = Automatic;
				DEVELOPMENT_TEAM = 77M64ZZJGP;
				INFOPLIST_FILE = SwiftLintRuleViewer/Info.plist;
				IPHONEOS_DEPLOYMENT_TARGET = 13.0;
				LD_RUNPATH_SEARCH_PATHS = (
					"$(inherited)",
					"@executable_path/Frameworks",
				);
				PRODUCT_BUNDLE_IDENTIFIER = com.FlyKite.SwiftLintRuleViewer;
				PRODUCT_NAME = "$(TARGET_NAME)";
				SUPPORTS_MACCATALYST = YES;
				SWIFT_VERSION = 5.0;
				TARGETED_DEVICE_FAMILY = "1,2";
			};
			name = Release;
		};
/* End XCBuildConfiguration section */

/* Begin XCConfigurationList section */
		A65EF01825542F0C00CE9CF8 /* Build configuration list for PBXProject "SwiftLintRuleViewer" */ = {
			isa = XCConfigurationList;
			buildConfigurations = (
				A65EF02F25542F0E00CE9CF8 /* Debug */,
				A65EF03025542F0E00CE9CF8 /* Release */,
			);
			defaultConfigurationIsVisible = 0;
			defaultConfigurationName = Release;
		};
		A65EF03125542F0E00CE9CF8 /* Build configuration list for PBXNativeTarget "SwiftLintRuleViewer" */ = {
			isa = XCConfigurationList;
			buildConfigurations = (
				A65EF03225542F0E00CE9CF8 /* Debug */,
				A65EF03325542F0E00CE9CF8 /* Release */,
			);
			defaultConfigurationIsVisible = 0;
			defaultConfigurationName = Release;
		};
/* End XCConfigurationList section */
	};
	rootObject = A65EF01525542F0C00CE9CF8 /* Project object */;
}
